
Microsoft Visual Studio Solution File, Format Version 12.00
# Visual Studio Version 16
VisualStudioVersion = 16.0.31205.134
MinimumVisualStudioVersion = 10.0.40219.1
Project("{D954291E-2A0B-460D-934E-DC6B0785DB48}") = "point.Shared", "point\point.Shared\point.Shared.shproj", "{6279C845-92F8-4333-AB99-3D213163593C}"
EndProject
Project("{2150E333-8FDC-42A3-9474-1A3956D46DE8}") = "Platforms", "Platforms", "{F4895EDD-8C63-4D8B-A0CC-083A3940D999}"
EndProject
Project("{FAE04EC0-301F-11D3-BF4B-00C04F79EFBC}") = "point.Droid", "point\point.Droid\point.Droid.csproj", "{7B841B7F-2699-4093-8203-5100FF432C8A}"
EndProject
Project("{FAE04EC0-301F-11D3-BF4B-00C04F79EFBC}") = "point.iOS", "point\point.iOS\point.iOS.csproj", "{BF0EEDB2-A96C-4B53-A618-3BC4B26AFEDA}"
EndProject
Project("{FAE04EC0-301F-11D3-BF4B-00C04F79EFBC}") = "point.UWP", "point\point.UWP\point.UWP.csproj", "{5CD33310-078D-4F83-8580-AC506C2C83A1}"
EndProject
Project("{9A19103F-16F7-4668-BE54-9A1E7A4F7556}") = "point.Wasm", "point\point.Wasm\point.Wasm.csproj", "{9494DBC8-ECC6-46F6-9634-4467C5AB2E66}"
EndProject
Project("{FAE04EC0-301F-11D3-BF4B-00C04F79EFBC}") = "point.macOS", "point\point.macOS\point.macOS.csproj", "{9C0FD97B-83D4-4B75-873B-9149036EE088}"
EndProject
Project("{9A19103F-16F7-4668-BE54-9A1E7A4F7556}") = "point.Skia.Wpf.Host", "point\point.Skia.Wpf.Host\point.Skia.Wpf.Host.csproj", "{7E2C12E5-469C-47AD-B005-A1AEC9E5A252}"
EndProject
Project("{9A19103F-16F7-4668-BE54-9A1E7A4F7556}") = "point.Skia.Wpf", "point\point.Skia.Wpf\point.Skia.Wpf.csproj", "{AAA70566-6C58-48F4-AB91-9F889E9E77D7}"
EndProject
Project("{9A19103F-16F7-4668-BE54-9A1E7A4F7556}") = "point.Skia.Gtk", "point\point.Skia.Gtk\point.Skia.Gtk.csproj", "{3D0C1919-4639-4C3E-836C-C758DB16D500}"
EndProject
Project("{9A19103F-16F7-4668-BE54-9A1E7A4F7556}") = "point.Skia.Tizen", "point\point.Skia.Tizen\point.Skia.Tizen.csproj", "{AF667FFE-35C4-4485-A79D-F994F8736063}"
EndProject
Project("{FAE04EC0-301F-11D3-BF4B-00C04F79EFBC}") = "point.api", "point.api\point.api.csproj", "{3504E0F2-B620-449B-A928-9F02CEAC5FE6}"
EndProject
Global
	GlobalSection(SharedMSBuildProjectFiles) = preSolution
		point\point.Shared\point.Shared.projitems*{3d0c1919-4639-4c3e-836c-c758db16d500}*SharedItemsImports = 5
		point\point.Shared\point.Shared.projitems*{5cd33310-078d-4f83-8580-ac506c2c83a1}*SharedItemsImports = 4
		point\point.Shared\point.Shared.projitems*{6279c845-92f8-4333-ab99-3d213163593c}*SharedItemsImports = 13
		point\point.Shared\point.Shared.projitems*{7b841b7f-2699-4093-8203-5100ff432c8a}*SharedItemsImports = 4
		point\point.Shared\point.Shared.projitems*{9494dbc8-ecc6-46f6-9634-4467c5ab2e66}*SharedItemsImports = 5
		point\point.Shared\point.Shared.projitems*{9c0fd97b-83d4-4b75-873b-9149036ee088}*SharedItemsImports = 4
		point\point.Shared\point.Shared.projitems*{aaa70566-6c58-48f4-ab91-9f889e9e77d7}*SharedItemsImports = 5
		point\point.Shared\point.Shared.projitems*{af667ffe-35c4-4485-a79d-f994f8736063}*SharedItemsImports = 5
		point\point.Shared\point.Shared.projitems*{bf0eedb2-a96c-4b53-a618-3bc4b26afeda}*SharedItemsImports = 4
	EndGlobalSection
	GlobalSection(SolutionConfigurationPlatforms) = preSolution
		Ad-Hoc|Any CPU = Ad-Hoc|Any CPU
		Ad-Hoc|ARM = Ad-Hoc|ARM
		Ad-Hoc|ARM64 = Ad-Hoc|ARM64
		Ad-Hoc|iPhone = Ad-Hoc|iPhone
		Ad-Hoc|iPhoneSimulator = Ad-Hoc|iPhoneSimulator
		Ad-Hoc|x64 = Ad-Hoc|x64
		Ad-Hoc|x86 = Ad-Hoc|x86
		AppStore|Any CPU = AppStore|Any CPU
		AppStore|ARM = AppStore|ARM
		AppStore|ARM64 = AppStore|ARM64
		AppStore|iPhone = AppStore|iPhone
		AppStore|iPhoneSimulator = AppStore|iPhoneSimulator
		AppStore|x64 = AppStore|x64
		AppStore|x86 = AppStore|x86
		Debug|Any CPU = Debug|Any CPU
		Debug|ARM = Debug|ARM
		Debug|ARM64 = Debug|ARM64
		Debug|iPhone = Debug|iPhone
		Debug|iPhoneSimulator = Debug|iPhoneSimulator
		Debug|x64 = Debug|x64
		Debug|x86 = Debug|x86
		Release|Any CPU = Release|Any CPU
		Release|ARM = Release|ARM
		Release|ARM64 = Release|ARM64
		Release|iPhone = Release|iPhone
		Release|iPhoneSimulator = Release|iPhoneSimulator
		Release|x64 = Release|x64
		Release|x86 = Release|x86
	EndGlobalSection
	GlobalSection(ProjectConfigurationPlatforms) = postSolution
		{7B841B7F-2699-4093-8203-5100FF432C8A}.Ad-Hoc|Any CPU.ActiveCfg = Debug|Any CPU
		{7B841B7F-2699-4093-8203-5100FF432C8A}.Ad-Hoc|Any CPU.Build.0 = Debug|Any CPU
		{7B841B7F-2699-4093-8203-5100FF432C8A}.Ad-Hoc|Any CPU.Deploy.0 = Debug|Any CPU
		{7B841B7F-2699-4093-8203-5100FF432C8A}.Ad-Hoc|ARM.ActiveCfg = Debug|Any CPU
		{7B841B7F-2699-4093-8203-5100FF432C8A}.Ad-Hoc|ARM.Build.0 = Debug|Any CPU
		{7B841B7F-2699-4093-8203-5100FF432C8A}.Ad-Hoc|ARM.Deploy.0 = Debug|Any CPU
		{7B841B7F-2699-4093-8203-5100FF432C8A}.Ad-Hoc|ARM64.ActiveCfg = Debug|Any CPU
		{7B841B7F-2699-4093-8203-5100FF432C8A}.Ad-Hoc|ARM64.Build.0 = Debug|Any CPU
		{7B841B7F-2699-4093-8203-5100FF432C8A}.Ad-Hoc|ARM64.Deploy.0 = Debug|Any CPU
		{7B841B7F-2699-4093-8203-5100FF432C8A}.Ad-Hoc|iPhone.ActiveCfg = Debug|Any CPU
		{7B841B7F-2699-4093-8203-5100FF432C8A}.Ad-Hoc|iPhone.Build.0 = Debug|Any CPU
		{7B841B7F-2699-4093-8203-5100FF432C8A}.Ad-Hoc|iPhone.Deploy.0 = Debug|Any CPU
		{7B841B7F-2699-4093-8203-5100FF432C8A}.Ad-Hoc|iPhoneSimulator.ActiveCfg = Debug|Any CPU
		{7B841B7F-2699-4093-8203-5100FF432C8A}.Ad-Hoc|iPhoneSimulator.Build.0 = Debug|Any CPU
		{7B841B7F-2699-4093-8203-5100FF432C8A}.Ad-Hoc|iPhoneSimulator.Deploy.0 = Debug|Any CPU
		{7B841B7F-2699-4093-8203-5100FF432C8A}.Ad-Hoc|x64.ActiveCfg = Debug|Any CPU
		{7B841B7F-2699-4093-8203-5100FF432C8A}.Ad-Hoc|x64.Build.0 = Debug|Any CPU
		{7B841B7F-2699-4093-8203-5100FF432C8A}.Ad-Hoc|x64.Deploy.0 = Debug|Any CPU
		{7B841B7F-2699-4093-8203-5100FF432C8A}.Ad-Hoc|x86.ActiveCfg = Debug|Any CPU
		{7B841B7F-2699-4093-8203-5100FF432C8A}.Ad-Hoc|x86.Build.0 = Debug|Any CPU
		{7B841B7F-2699-4093-8203-5100FF432C8A}.Ad-Hoc|x86.Deploy.0 = Debug|Any CPU
		{7B841B7F-2699-4093-8203-5100FF432C8A}.AppStore|Any CPU.ActiveCfg = Debug|Any CPU
		{7B841B7F-2699-4093-8203-5100FF432C8A}.AppStore|Any CPU.Build.0 = Debug|Any CPU
		{7B841B7F-2699-4093-8203-5100FF432C8A}.AppStore|Any CPU.Deploy.0 = Debug|Any CPU
		{7B841B7F-2699-4093-8203-5100FF432C8A}.AppStore|ARM.ActiveCfg = Debug|Any CPU
		{7B841B7F-2699-4093-8203-5100FF432C8A}.AppStore|ARM.Build.0 = Debug|Any CPU
		{7B841B7F-2699-4093-8203-5100FF432C8A}.AppStore|ARM.Deploy.0 = Debug|Any CPU
		{7B841B7F-2699-4093-8203-5100FF432C8A}.AppStore|ARM64.ActiveCfg = Debug|Any CPU
		{7B841B7F-2699-4093-8203-5100FF432C8A}.AppStore|ARM64.Build.0 = Debug|Any CPU
		{7B841B7F-2699-4093-8203-5100FF432C8A}.AppStore|ARM64.Deploy.0 = Debug|Any CPU
		{7B841B7F-2699-4093-8203-5100FF432C8A}.AppStore|iPhone.ActiveCfg = Debug|Any CPU
		{7B841B7F-2699-4093-8203-5100FF432C8A}.AppStore|iPhone.Build.0 = Debug|Any CPU
		{7B841B7F-2699-4093-8203-5100FF432C8A}.AppStore|iPhone.Deploy.0 = Debug|Any CPU
		{7B841B7F-2699-4093-8203-5100FF432C8A}.AppStore|iPhoneSimulator.ActiveCfg = Debug|Any CPU
		{7B841B7F-2699-4093-8203-5100FF432C8A}.AppStore|iPhoneSimulator.Build.0 = Debug|Any CPU
		{7B841B7F-2699-4093-8203-5100FF432C8A}.AppStore|iPhoneSimulator.Deploy.0 = Debug|Any CPU
		{7B841B7F-2699-4093-8203-5100FF432C8A}.AppStore|x64.ActiveCfg = Debug|Any CPU
		{7B841B7F-2699-4093-8203-5100FF432C8A}.AppStore|x64.Build.0 = Debug|Any CPU
		{7B841B7F-2699-4093-8203-5100FF432C8A}.AppStore|x64.Deploy.0 = Debug|Any CPU
		{7B841B7F-2699-4093-8203-5100FF432C8A}.AppStore|x86.ActiveCfg = Debug|Any CPU
		{7B841B7F-2699-4093-8203-5100FF432C8A}.AppStore|x86.Build.0 = Debug|Any CPU
		{7B841B7F-2699-4093-8203-5100FF432C8A}.AppStore|x86.Deploy.0 = Debug|Any CPU
		{7B841B7F-2699-4093-8203-5100FF432C8A}.Debug|Any CPU.ActiveCfg = Debug|Any CPU
		{7B841B7F-2699-4093-8203-5100FF432C8A}.Debug|Any CPU.Build.0 = Debug|Any CPU
		{7B841B7F-2699-4093-8203-5100FF432C8A}.Debug|Any CPU.Deploy.0 = Debug|Any CPU
		{7B841B7F-2699-4093-8203-5100FF432C8A}.Debug|ARM.ActiveCfg = Debug|Any CPU
		{7B841B7F-2699-4093-8203-5100FF432C8A}.Debug|ARM.Build.0 = Debug|Any CPU
		{7B841B7F-2699-4093-8203-5100FF432C8A}.Debug|ARM.Deploy.0 = Debug|Any CPU
		{7B841B7F-2699-4093-8203-5100FF432C8A}.Debug|ARM64.ActiveCfg = Debug|Any CPU
		{7B841B7F-2699-4093-8203-5100FF432C8A}.Debug|ARM64.Build.0 = Debug|Any CPU
		{7B841B7F-2699-4093-8203-5100FF432C8A}.Debug|ARM64.Deploy.0 = Debug|Any CPU
		{7B841B7F-2699-4093-8203-5100FF432C8A}.Debug|iPhone.ActiveCfg = Debug|Any CPU
		{7B841B7F-2699-4093-8203-5100FF432C8A}.Debug|iPhone.Build.0 = Debug|Any CPU
		{7B841B7F-2699-4093-8203-5100FF432C8A}.Debug|iPhone.Deploy.0 = Debug|Any CPU
		{7B841B7F-2699-4093-8203-5100FF432C8A}.Debug|iPhoneSimulator.ActiveCfg = Debug|Any CPU
		{7B841B7F-2699-4093-8203-5100FF432C8A}.Debug|iPhoneSimulator.Build.0 = Debug|Any CPU
		{7B841B7F-2699-4093-8203-5100FF432C8A}.Debug|iPhoneSimulator.Deploy.0 = Debug|Any CPU
		{7B841B7F-2699-4093-8203-5100FF432C8A}.Debug|x64.ActiveCfg = Debug|Any CPU
		{7B841B7F-2699-4093-8203-5100FF432C8A}.Debug|x64.Build.0 = Debug|Any CPU
		{7B841B7F-2699-4093-8203-5100FF432C8A}.Debug|x64.Deploy.0 = Debug|Any CPU
		{7B841B7F-2699-4093-8203-5100FF432C8A}.Debug|x86.ActiveCfg = Debug|Any CPU
		{7B841B7F-2699-4093-8203-5100FF432C8A}.Debug|x86.Build.0 = Debug|Any CPU
		{7B841B7F-2699-4093-8203-5100FF432C8A}.Debug|x86.Deploy.0 = Debug|Any CPU
		{7B841B7F-2699-4093-8203-5100FF432C8A}.Release|Any CPU.ActiveCfg = Release|Any CPU
		{7B841B7F-2699-4093-8203-5100FF432C8A}.Release|Any CPU.Build.0 = Release|Any CPU
		{7B841B7F-2699-4093-8203-5100FF432C8A}.Release|Any CPU.Deploy.0 = Release|Any CPU
		{7B841B7F-2699-4093-8203-5100FF432C8A}.Release|ARM.ActiveCfg = Release|Any CPU
		{7B841B7F-2699-4093-8203-5100FF432C8A}.Release|ARM.Build.0 = Release|Any CPU
		{7B841B7F-2699-4093-8203-5100FF432C8A}.Release|ARM.Deploy.0 = Release|Any CPU
		{7B841B7F-2699-4093-8203-5100FF432C8A}.Release|ARM64.ActiveCfg = Release|Any CPU
		{7B841B7F-2699-4093-8203-5100FF432C8A}.Release|ARM64.Build.0 = Release|Any CPU
		{7B841B7F-2699-4093-8203-5100FF432C8A}.Release|ARM64.Deploy.0 = Release|Any CPU
		{7B841B7F-2699-4093-8203-5100FF432C8A}.Release|iPhone.ActiveCfg = Release|Any CPU
		{7B841B7F-2699-4093-8203-5100FF432C8A}.Release|iPhone.Build.0 = Release|Any CPU
		{7B841B7F-2699-4093-8203-5100FF432C8A}.Release|iPhone.Deploy.0 = Release|Any CPU
		{7B841B7F-2699-4093-8203-5100FF432C8A}.Release|iPhoneSimulator.ActiveCfg = Release|Any CPU
		{7B841B7F-2699-4093-8203-5100FF432C8A}.Release|iPhoneSimulator.Build.0 = Release|Any CPU
		{7B841B7F-2699-4093-8203-5100FF432C8A}.Release|iPhoneSimulator.Deploy.0 = Release|Any CPU
		{7B841B7F-2699-4093-8203-5100FF432C8A}.Release|x64.ActiveCfg = Release|Any CPU
		{7B841B7F-2699-4093-8203-5100FF432C8A}.Release|x64.Build.0 = Release|Any CPU
		{7B841B7F-2699-4093-8203-5100FF432C8A}.Release|x64.Deploy.0 = Release|Any CPU
		{7B841B7F-2699-4093-8203-5100FF432C8A}.Release|x86.ActiveCfg = Release|Any CPU
		{7B841B7F-2699-4093-8203-5100FF432C8A}.Release|x86.Build.0 = Release|Any CPU
		{7B841B7F-2699-4093-8203-5100FF432C8A}.Release|x86.Deploy.0 = Release|Any CPU
		{BF0EEDB2-A96C-4B53-A618-3BC4B26AFEDA}.Ad-Hoc|Any CPU.ActiveCfg = Ad-Hoc|iPhoneSimulator
		{BF0EEDB2-A96C-4B53-A618-3BC4B26AFEDA}.Ad-Hoc|ARM.ActiveCfg = Ad-Hoc|iPhoneSimulator
		{BF0EEDB2-A96C-4B53-A618-3BC4B26AFEDA}.Ad-Hoc|ARM64.ActiveCfg = Ad-Hoc|iPhoneSimulator
		{BF0EEDB2-A96C-4B53-A618-3BC4B26AFEDA}.Ad-Hoc|iPhone.ActiveCfg = Ad-Hoc|iPhone
		{BF0EEDB2-A96C-4B53-A618-3BC4B26AFEDA}.Ad-Hoc|iPhone.Build.0 = Ad-Hoc|iPhone
		{BF0EEDB2-A96C-4B53-A618-3BC4B26AFEDA}.Ad-Hoc|iPhoneSimulator.ActiveCfg = Ad-Hoc|iPhoneSimulator
		{BF0EEDB2-A96C-4B53-A618-3BC4B26AFEDA}.Ad-Hoc|iPhoneSimulator.Build.0 = Ad-Hoc|iPhoneSimulator
		{BF0EEDB2-A96C-4B53-A618-3BC4B26AFEDA}.Ad-Hoc|x64.ActiveCfg = Ad-Hoc|iPhoneSimulator
		{BF0EEDB2-A96C-4B53-A618-3BC4B26AFEDA}.Ad-Hoc|x86.ActiveCfg = Ad-Hoc|iPhoneSimulator
		{BF0EEDB2-A96C-4B53-A618-3BC4B26AFEDA}.AppStore|Any CPU.ActiveCfg = AppStore|iPhoneSimulator
		{BF0EEDB2-A96C-4B53-A618-3BC4B26AFEDA}.AppStore|ARM.ActiveCfg = AppStore|iPhoneSimulator
		{BF0EEDB2-A96C-4B53-A618-3BC4B26AFEDA}.AppStore|ARM64.ActiveCfg = AppStore|iPhoneSimulator
		{BF0EEDB2-A96C-4B53-A618-3BC4B26AFEDA}.AppStore|iPhone.ActiveCfg = AppStore|iPhone
		{BF0EEDB2-A96C-4B53-A618-3BC4B26AFEDA}.AppStore|iPhone.Build.0 = AppStore|iPhone
		{BF0EEDB2-A96C-4B53-A618-3BC4B26AFEDA}.AppStore|iPhoneSimulator.ActiveCfg = AppStore|iPhoneSimulator
		{BF0EEDB2-A96C-4B53-A618-3BC4B26AFEDA}.AppStore|iPhoneSimulator.Build.0 = AppStore|iPhoneSimulator
		{BF0EEDB2-A96C-4B53-A618-3BC4B26AFEDA}.AppStore|x64.ActiveCfg = AppStore|iPhoneSimulator
		{BF0EEDB2-A96C-4B53-A618-3BC4B26AFEDA}.AppStore|x86.ActiveCfg = AppStore|iPhoneSimulator
		{BF0EEDB2-A96C-4B53-A618-3BC4B26AFEDA}.Debug|Any CPU.ActiveCfg = Debug|iPhoneSimulator
		{BF0EEDB2-A96C-4B53-A618-3BC4B26AFEDA}.Debug|Any CPU.Build.0 = Debug|iPhoneSimulator
		{BF0EEDB2-A96C-4B53-A618-3BC4B26AFEDA}.Debug|ARM.ActiveCfg = Debug|iPhoneSimulator
		{BF0EEDB2-A96C-4B53-A618-3BC4B26AFEDA}.Debug|ARM64.ActiveCfg = Debug|iPhoneSimulator
		{BF0EEDB2-A96C-4B53-A618-3BC4B26AFEDA}.Debug|iPhone.ActiveCfg = Debug|iPhone
		{BF0EEDB2-A96C-4B53-A618-3BC4B26AFEDA}.Debug|iPhone.Build.0 = Debug|iPhone
		{BF0EEDB2-A96C-4B53-A618-3BC4B26AFEDA}.Debug|iPhoneSimulator.ActiveCfg = Debug|iPhoneSimulator
		{BF0EEDB2-A96C-4B53-A618-3BC4B26AFEDA}.Debug|iPhoneSimulator.Build.0 = Debug|iPhoneSimulator
		{BF0EEDB2-A96C-4B53-A618-3BC4B26AFEDA}.Debug|x64.ActiveCfg = Debug|iPhoneSimulator
		{BF0EEDB2-A96C-4B53-A618-3BC4B26AFEDA}.Debug|x86.ActiveCfg = Debug|iPhoneSimulator
		{BF0EEDB2-A96C-4B53-A618-3BC4B26AFEDA}.Release|Any CPU.ActiveCfg = Release|iPhoneSimulator
		{BF0EEDB2-A96C-4B53-A618-3BC4B26AFEDA}.Release|ARM.ActiveCfg = Release|iPhoneSimulator
		{BF0EEDB2-A96C-4B53-A618-3BC4B26AFEDA}.Release|ARM64.ActiveCfg = Release|iPhoneSimulator
		{BF0EEDB2-A96C-4B53-A618-3BC4B26AFEDA}.Release|iPhone.ActiveCfg = Release|iPhone
		{BF0EEDB2-A96C-4B53-A618-3BC4B26AFEDA}.Release|iPhone.Build.0 = Release|iPhone
		{BF0EEDB2-A96C-4B53-A618-3BC4B26AFEDA}.Release|iPhoneSimulator.ActiveCfg = Release|iPhoneSimulator
		{BF0EEDB2-A96C-4B53-A618-3BC4B26AFEDA}.Release|iPhoneSimulator.Build.0 = Release|iPhoneSimulator
		{BF0EEDB2-A96C-4B53-A618-3BC4B26AFEDA}.Release|x64.ActiveCfg = Release|iPhoneSimulator
		{BF0EEDB2-A96C-4B53-A618-3BC4B26AFEDA}.Release|x86.ActiveCfg = Release|iPhoneSimulator
		{5CD33310-078D-4F83-8580-AC506C2C83A1}.Ad-Hoc|Any CPU.ActiveCfg = Debug|x86
		{5CD33310-078D-4F83-8580-AC506C2C83A1}.Ad-Hoc|Any CPU.Build.0 = Debug|x86
		{5CD33310-078D-4F83-8580-AC506C2C83A1}.Ad-Hoc|Any CPU.Deploy.0 = Debug|x86
		{5CD33310-078D-4F83-8580-AC506C2C83A1}.Ad-Hoc|ARM.ActiveCfg = Debug|ARM
		{5CD33310-078D-4F83-8580-AC506C2C83A1}.Ad-Hoc|ARM.Build.0 = Debug|ARM
		{5CD33310-078D-4F83-8580-AC506C2C83A1}.Ad-Hoc|ARM.Deploy.0 = Debug|ARM
		{5CD33310-078D-4F83-8580-AC506C2C83A1}.Ad-Hoc|ARM64.ActiveCfg = Debug|ARM64
		{5CD33310-078D-4F83-8580-AC506C2C83A1}.Ad-Hoc|ARM64.Build.0 = Debug|ARM64
		{5CD33310-078D-4F83-8580-AC506C2C83A1}.Ad-Hoc|ARM64.Deploy.0 = Debug|ARM64
		{5CD33310-078D-4F83-8580-AC506C2C83A1}.Ad-Hoc|iPhone.ActiveCfg = Debug|x86
		{5CD33310-078D-4F83-8580-AC506C2C83A1}.Ad-Hoc|iPhone.Build.0 = Debug|x86
		{5CD33310-078D-4F83-8580-AC506C2C83A1}.Ad-Hoc|iPhone.Deploy.0 = Debug|x86
		{5CD33310-078D-4F83-8580-AC506C2C83A1}.Ad-Hoc|iPhoneSimulator.ActiveCfg = Debug|x86
		{5CD33310-078D-4F83-8580-AC506C2C83A1}.Ad-Hoc|iPhoneSimulator.Build.0 = Debug|x86
		{5CD33310-078D-4F83-8580-AC506C2C83A1}.Ad-Hoc|iPhoneSimulator.Deploy.0 = Debug|x86
		{5CD33310-078D-4F83-8580-AC506C2C83A1}.Ad-Hoc|x64.ActiveCfg = Debug|x64
		{5CD33310-078D-4F83-8580-AC506C2C83A1}.Ad-Hoc|x64.Build.0 = Debug|x64
		{5CD33310-078D-4F83-8580-AC506C2C83A1}.Ad-Hoc|x64.Deploy.0 = Debug|x64
		{5CD33310-078D-4F83-8580-AC506C2C83A1}.Ad-Hoc|x86.ActiveCfg = Debug|x86
		{5CD33310-078D-4F83-8580-AC506C2C83A1}.Ad-Hoc|x86.Build.0 = Debug|x86
		{5CD33310-078D-4F83-8580-AC506C2C83A1}.Ad-Hoc|x86.Deploy.0 = Debug|x86
		{5CD33310-078D-4F83-8580-AC506C2C83A1}.AppStore|Any CPU.ActiveCfg = Debug|x86
		{5CD33310-078D-4F83-8580-AC506C2C83A1}.AppStore|Any CPU.Build.0 = Debug|x86
		{5CD33310-078D-4F83-8580-AC506C2C83A1}.AppStore|Any CPU.Deploy.0 = Debug|x86
		{5CD33310-078D-4F83-8580-AC506C2C83A1}.AppStore|ARM.ActiveCfg = Debug|ARM
		{5CD33310-078D-4F83-8580-AC506C2C83A1}.AppStore|ARM.Build.0 = Debug|ARM
		{5CD33310-078D-4F83-8580-AC506C2C83A1}.AppStore|ARM.Deploy.0 = Debug|ARM
		{5CD33310-078D-4F83-8580-AC506C2C83A1}.AppStore|ARM64.ActiveCfg = Debug|ARM64
		{5CD33310-078D-4F83-8580-AC506C2C83A1}.AppStore|ARM64.Build.0 = Debug|ARM64
		{5CD33310-078D-4F83-8580-AC506C2C83A1}.AppStore|ARM64.Deploy.0 = Debug|ARM64
		{5CD33310-078D-4F83-8580-AC506C2C83A1}.AppStore|iPhone.ActiveCfg = Debug|x86
		{5CD33310-078D-4F83-8580-AC506C2C83A1}.AppStore|iPhone.Build.0 = Debug|x86
		{5CD33310-078D-4F83-8580-AC506C2C83A1}.AppStore|iPhone.Deploy.0 = Debug|x86
		{5CD33310-078D-4F83-8580-AC506C2C83A1}.AppStore|iPhoneSimulator.ActiveCfg = Debug|x86
		{5CD33310-078D-4F83-8580-AC506C2C83A1}.AppStore|iPhoneSimulator.Build.0 = Debug|x86
		{5CD33310-078D-4F83-8580-AC506C2C83A1}.AppStore|iPhoneSimulator.Deploy.0 = Debug|x86
		{5CD33310-078D-4F83-8580-AC506C2C83A1}.AppStore|x64.ActiveCfg = Debug|x64
		{5CD33310-078D-4F83-8580-AC506C2C83A1}.AppStore|x64.Build.0 = Debug|x64
		{5CD33310-078D-4F83-8580-AC506C2C83A1}.AppStore|x64.Deploy.0 = Debug|x64
		{5CD33310-078D-4F83-8580-AC506C2C83A1}.AppStore|x86.ActiveCfg = Debug|x86
		{5CD33310-078D-4F83-8580-AC506C2C83A1}.AppStore|x86.Build.0 = Debug|x86
		{5CD33310-078D-4F83-8580-AC506C2C83A1}.AppStore|x86.Deploy.0 = Debug|x86
		{5CD33310-078D-4F83-8580-AC506C2C83A1}.Debug|Any CPU.ActiveCfg = Debug|x86
		{5CD33310-078D-4F83-8580-AC506C2C83A1}.Debug|Any CPU.Build.0 = Debug|x86
		{5CD33310-078D-4F83-8580-AC506C2C83A1}.Debug|Any CPU.Deploy.0 = Debug|x86
		{5CD33310-078D-4F83-8580-AC506C2C83A1}.Debug|ARM.ActiveCfg = Debug|ARM
		{5CD33310-078D-4F83-8580-AC506C2C83A1}.Debug|ARM.Build.0 = Debug|ARM
		{5CD33310-078D-4F83-8580-AC506C2C83A1}.Debug|ARM.Deploy.0 = Debug|ARM
		{5CD33310-078D-4F83-8580-AC506C2C83A1}.Debug|ARM64.ActiveCfg = Debug|ARM64
		{5CD33310-078D-4F83-8580-AC506C2C83A1}.Debug|ARM64.Build.0 = Debug|ARM64
		{5CD33310-078D-4F83-8580-AC506C2C83A1}.Debug|ARM64.Deploy.0 = Debug|ARM64
		{5CD33310-078D-4F83-8580-AC506C2C83A1}.Debug|iPhone.ActiveCfg = Debug|x86
		{5CD33310-078D-4F83-8580-AC506C2C83A1}.Debug|iPhoneSimulator.ActiveCfg = Debug|x86
		{5CD33310-078D-4F83-8580-AC506C2C83A1}.Debug|x64.ActiveCfg = Debug|x64
		{5CD33310-078D-4F83-8580-AC506C2C83A1}.Debug|x64.Build.0 = Debug|x64
		{5CD33310-078D-4F83-8580-AC506C2C83A1}.Debug|x64.Deploy.0 = Debug|x64
		{5CD33310-078D-4F83-8580-AC506C2C83A1}.Debug|x86.ActiveCfg = Debug|x86
		{5CD33310-078D-4F83-8580-AC506C2C83A1}.Debug|x86.Build.0 = Debug|x86
		{5CD33310-078D-4F83-8580-AC506C2C83A1}.Debug|x86.Deploy.0 = Debug|x86
		{5CD33310-078D-4F83-8580-AC506C2C83A1}.Release|Any CPU.ActiveCfg = Release|x86
		{5CD33310-078D-4F83-8580-AC506C2C83A1}.Release|ARM.ActiveCfg = Release|ARM
		{5CD33310-078D-4F83-8580-AC506C2C83A1}.Release|ARM.Build.0 = Release|ARM
		{5CD33310-078D-4F83-8580-AC506C2C83A1}.Release|ARM.Deploy.0 = Release|ARM
		{5CD33310-078D-4F83-8580-AC506C2C83A1}.Release|ARM64.ActiveCfg = Release|ARM64
		{5CD33310-078D-4F83-8580-AC506C2C83A1}.Release|ARM64.Build.0 = Release|ARM64
		{5CD33310-078D-4F83-8580-AC506C2C83A1}.Release|ARM64.Deploy.0 = Release|ARM64
		{5CD33310-078D-4F83-8580-AC506C2C83A1}.Release|iPhone.ActiveCfg = Release|x86
		{5CD33310-078D-4F83-8580-AC506C2C83A1}.Release|iPhoneSimulator.ActiveCfg = Release|x86
		{5CD33310-078D-4F83-8580-AC506C2C83A1}.Release|x64.ActiveCfg = Release|x64
		{5CD33310-078D-4F83-8580-AC506C2C83A1}.Release|x64.Build.0 = Release|x64
		{5CD33310-078D-4F83-8580-AC506C2C83A1}.Release|x64.Deploy.0 = Release|x64
		{5CD33310-078D-4F83-8580-AC506C2C83A1}.Release|x86.ActiveCfg = Release|x86
		{5CD33310-078D-4F83-8580-AC506C2C83A1}.Release|x86.Build.0 = Release|x86
		{5CD33310-078D-4F83-8580-AC506C2C83A1}.Release|x86.Deploy.0 = Release|x86
		{9494DBC8-ECC6-46F6-9634-4467C5AB2E66}.Ad-Hoc|Any CPU.ActiveCfg = Debug|Any CPU
		{9494DBC8-ECC6-46F6-9634-4467C5AB2E66}.Ad-Hoc|Any CPU.Build.0 = Debug|Any CPU
		{9494DBC8-ECC6-46F6-9634-4467C5AB2E66}.Ad-Hoc|ARM.ActiveCfg = Debug|Any CPU
		{9494DBC8-ECC6-46F6-9634-4467C5AB2E66}.Ad-Hoc|ARM.Build.0 = Debug|Any CPU
		{9494DBC8-ECC6-46F6-9634-4467C5AB2E66}.Ad-Hoc|ARM64.ActiveCfg = Debug|Any CPU
		{9494DBC8-ECC6-46F6-9634-4467C5AB2E66}.Ad-Hoc|ARM64.Build.0 = Debug|Any CPU
		{9494DBC8-ECC6-46F6-9634-4467C5AB2E66}.Ad-Hoc|iPhone.ActiveCfg = Debug|Any CPU
		{9494DBC8-ECC6-46F6-9634-4467C5AB2E66}.Ad-Hoc|iPhone.Build.0 = Debug|Any CPU
		{9494DBC8-ECC6-46F6-9634-4467C5AB2E66}.Ad-Hoc|iPhoneSimulator.ActiveCfg = Debug|Any CPU
		{9494DBC8-ECC6-46F6-9634-4467C5AB2E66}.Ad-Hoc|iPhoneSimulator.Build.0 = Debug|Any CPU
		{9494DBC8-ECC6-46F6-9634-4467C5AB2E66}.Ad-Hoc|x64.ActiveCfg = Debug|Any CPU
		{9494DBC8-ECC6-46F6-9634-4467C5AB2E66}.Ad-Hoc|x64.Build.0 = Debug|Any CPU
		{9494DBC8-ECC6-46F6-9634-4467C5AB2E66}.Ad-Hoc|x86.ActiveCfg = Debug|Any CPU
		{9494DBC8-ECC6-46F6-9634-4467C5AB2E66}.Ad-Hoc|x86.Build.0 = Debug|Any CPU
		{9494DBC8-ECC6-46F6-9634-4467C5AB2E66}.AppStore|Any CPU.ActiveCfg = Debug|Any CPU
		{9494DBC8-ECC6-46F6-9634-4467C5AB2E66}.AppStore|Any CPU.Build.0 = Debug|Any CPU
		{9494DBC8-ECC6-46F6-9634-4467C5AB2E66}.AppStore|ARM.ActiveCfg = Debug|Any CPU
		{9494DBC8-ECC6-46F6-9634-4467C5AB2E66}.AppStore|ARM.Build.0 = Debug|Any CPU
		{9494DBC8-ECC6-46F6-9634-4467C5AB2E66}.AppStore|ARM64.ActiveCfg = Debug|Any CPU
		{9494DBC8-ECC6-46F6-9634-4467C5AB2E66}.AppStore|ARM64.Build.0 = Debug|Any CPU
		{9494DBC8-ECC6-46F6-9634-4467C5AB2E66}.AppStore|iPhone.ActiveCfg = Debug|Any CPU
		{9494DBC8-ECC6-46F6-9634-4467C5AB2E66}.AppStore|iPhone.Build.0 = Debug|Any CPU
		{9494DBC8-ECC6-46F6-9634-4467C5AB2E66}.AppStore|iPhoneSimulator.ActiveCfg = Debug|Any CPU
		{9494DBC8-ECC6-46F6-9634-4467C5AB2E66}.AppStore|iPhoneSimulator.Build.0 = Debug|Any CPU
		{9494DBC8-ECC6-46F6-9634-4467C5AB2E66}.AppStore|x64.ActiveCfg = Debug|Any CPU
		{9494DBC8-ECC6-46F6-9634-4467C5AB2E66}.AppStore|x64.Build.0 = Debug|Any CPU
		{9494DBC8-ECC6-46F6-9634-4467C5AB2E66}.AppStore|x86.ActiveCfg = Debug|Any CPU
		{9494DBC8-ECC6-46F6-9634-4467C5AB2E66}.AppStore|x86.Build.0 = Debug|Any CPU
		{9494DBC8-ECC6-46F6-9634-4467C5AB2E66}.Debug|Any CPU.ActiveCfg = Debug|Any CPU
		{9494DBC8-ECC6-46F6-9634-4467C5AB2E66}.Debug|Any CPU.Build.0 = Debug|Any CPU
		{9494DBC8-ECC6-46F6-9634-4467C5AB2E66}.Debug|ARM.ActiveCfg = Debug|Any CPU
		{9494DBC8-ECC6-46F6-9634-4467C5AB2E66}.Debug|ARM.Build.0 = Debug|Any CPU
		{9494DBC8-ECC6-46F6-9634-4467C5AB2E66}.Debug|ARM64.ActiveCfg = Debug|Any CPU
		{9494DBC8-ECC6-46F6-9634-4467C5AB2E66}.Debug|ARM64.Build.0 = Debug|Any CPU
		{9494DBC8-ECC6-46F6-9634-4467C5AB2E66}.Debug|iPhone.ActiveCfg = Debug|Any CPU
		{9494DBC8-ECC6-46F6-9634-4467C5AB2E66}.Debug|iPhone.Build.0 = Debug|Any CPU
		{9494DBC8-ECC6-46F6-9634-4467C5AB2E66}.Debug|iPhoneSimulator.ActiveCfg = Debug|Any CPU
		{9494DBC8-ECC6-46F6-9634-4467C5AB2E66}.Debug|iPhoneSimulator.Build.0 = Debug|Any CPU
		{9494DBC8-ECC6-46F6-9634-4467C5AB2E66}.Debug|x64.ActiveCfg = Debug|Any CPU
		{9494DBC8-ECC6-46F6-9634-4467C5AB2E66}.Debug|x64.Build.0 = Debug|Any CPU
		{9494DBC8-ECC6-46F6-9634-4467C5AB2E66}.Debug|x86.ActiveCfg = Debug|Any CPU
		{9494DBC8-ECC6-46F6-9634-4467C5AB2E66}.Debug|x86.Build.0 = Debug|Any CPU
		{9494DBC8-ECC6-46F6-9634-4467C5AB2E66}.Release|Any CPU.ActiveCfg = Release|Any CPU
		{9494DBC8-ECC6-46F6-9634-4467C5AB2E66}.Release|Any CPU.Build.0 = Release|Any CPU
		{9494DBC8-ECC6-46F6-9634-4467C5AB2E66}.Release|ARM.ActiveCfg = Release|Any CPU
		{9494DBC8-ECC6-46F6-9634-4467C5AB2E66}.Release|ARM.Build.0 = Release|Any CPU
		{9494DBC8-ECC6-46F6-9634-4467C5AB2E66}.Release|ARM64.ActiveCfg = Release|Any CPU
		{9494DBC8-ECC6-46F6-9634-4467C5AB2E66}.Release|ARM64.Build.0 = Release|Any CPU
		{9494DBC8-ECC6-46F6-9634-4467C5AB2E66}.Release|iPhone.ActiveCfg = Release|Any CPU
		{9494DBC8-ECC6-46F6-9634-4467C5AB2E66}.Release|iPhone.Build.0 = Release|Any CPU
		{9494DBC8-ECC6-46F6-9634-4467C5AB2E66}.Release|iPhoneSimulator.ActiveCfg = Release|Any CPU
		{9494DBC8-ECC6-46F6-9634-4467C5AB2E66}.Release|iPhoneSimulator.Build.0 = Release|Any CPU
		{9494DBC8-ECC6-46F6-9634-4467C5AB2E66}.Release|x64.ActiveCfg = Release|Any CPU
		{9494DBC8-ECC6-46F6-9634-4467C5AB2E66}.Release|x64.Build.0 = Release|Any CPU
		{9494DBC8-ECC6-46F6-9634-4467C5AB2E66}.Release|x86.ActiveCfg = Release|Any CPU
		{9494DBC8-ECC6-46F6-9634-4467C5AB2E66}.Release|x86.Build.0 = Release|Any CPU
		{9C0FD97B-83D4-4B75-873B-9149036EE088}.Ad-Hoc|Any CPU.ActiveCfg = Debug|iPhoneSimulator
		{9C0FD97B-83D4-4B75-873B-9149036EE088}.Ad-Hoc|Any CPU.Build.0 = Debug|iPhoneSimulator
		{9C0FD97B-83D4-4B75-873B-9149036EE088}.Ad-Hoc|ARM.ActiveCfg = Debug|iPhoneSimulator
		{9C0FD97B-83D4-4B75-873B-9149036EE088}.Ad-Hoc|ARM.Build.0 = Debug|iPhoneSimulator
		{9C0FD97B-83D4-4B75-873B-9149036EE088}.Ad-Hoc|ARM64.ActiveCfg = Debug|iPhoneSimulator
		{9C0FD97B-83D4-4B75-873B-9149036EE088}.Ad-Hoc|ARM64.Build.0 = Debug|iPhoneSimulator
		{9C0FD97B-83D4-4B75-873B-9149036EE088}.Ad-Hoc|iPhone.ActiveCfg = Debug|iPhoneSimulator
		{9C0FD97B-83D4-4B75-873B-9149036EE088}.Ad-Hoc|iPhone.Build.0 = Debug|iPhoneSimulator
		{9C0FD97B-83D4-4B75-873B-9149036EE088}.Ad-Hoc|iPhoneSimulator.ActiveCfg = Debug|iPhoneSimulator
		{9C0FD97B-83D4-4B75-873B-9149036EE088}.Ad-Hoc|iPhoneSimulator.Build.0 = Debug|iPhoneSimulator
		{9C0FD97B-83D4-4B75-873B-9149036EE088}.Ad-Hoc|x64.ActiveCfg = Debug|iPhoneSimulator
		{9C0FD97B-83D4-4B75-873B-9149036EE088}.Ad-Hoc|x64.Build.0 = Debug|iPhoneSimulator
		{9C0FD97B-83D4-4B75-873B-9149036EE088}.Ad-Hoc|x86.ActiveCfg = Debug|iPhoneSimulator
		{9C0FD97B-83D4-4B75-873B-9149036EE088}.Ad-Hoc|x86.Build.0 = Debug|iPhoneSimulator
		{9C0FD97B-83D4-4B75-873B-9149036EE088}.AppStore|Any CPU.ActiveCfg = Debug|iPhoneSimulator
		{9C0FD97B-83D4-4B75-873B-9149036EE088}.AppStore|Any CPU.Build.0 = Debug|iPhoneSimulator
		{9C0FD97B-83D4-4B75-873B-9149036EE088}.AppStore|ARM.ActiveCfg = Debug|iPhoneSimulator
		{9C0FD97B-83D4-4B75-873B-9149036EE088}.AppStore|ARM.Build.0 = Debug|iPhoneSimulator
		{9C0FD97B-83D4-4B75-873B-9149036EE088}.AppStore|ARM64.ActiveCfg = Debug|iPhoneSimulator
		{9C0FD97B-83D4-4B75-873B-9149036EE088}.AppStore|ARM64.Build.0 = Debug|iPhoneSimulator
		{9C0FD97B-83D4-4B75-873B-9149036EE088}.AppStore|iPhone.ActiveCfg = Debug|iPhoneSimulator
		{9C0FD97B-83D4-4B75-873B-9149036EE088}.AppStore|iPhone.Build.0 = Debug|iPhoneSimulator
		{9C0FD97B-83D4-4B75-873B-9149036EE088}.AppStore|iPhoneSimulator.ActiveCfg = Debug|iPhoneSimulator
		{9C0FD97B-83D4-4B75-873B-9149036EE088}.AppStore|iPhoneSimulator.Build.0 = Debug|iPhoneSimulator
		{9C0FD97B-83D4-4B75-873B-9149036EE088}.AppStore|x64.ActiveCfg = Debug|iPhoneSimulator
		{9C0FD97B-83D4-4B75-873B-9149036EE088}.AppStore|x64.Build.0 = Debug|iPhoneSimulator
		{9C0FD97B-83D4-4B75-873B-9149036EE088}.AppStore|x86.ActiveCfg = Debug|iPhoneSimulator
		{9C0FD97B-83D4-4B75-873B-9149036EE088}.AppStore|x86.Build.0 = Debug|iPhoneSimulator
		{9C0FD97B-83D4-4B75-873B-9149036EE088}.Debug|Any CPU.ActiveCfg = Debug|iPhoneSimulator
		{9C0FD97B-83D4-4B75-873B-9149036EE088}.Debug|Any CPU.Build.0 = Debug|iPhoneSimulator
		{9C0FD97B-83D4-4B75-873B-9149036EE088}.Debug|ARM.ActiveCfg = Debug|iPhoneSimulator
		{9C0FD97B-83D4-4B75-873B-9149036EE088}.Debug|ARM64.ActiveCfg = Debug|iPhoneSimulator
		{9C0FD97B-83D4-4B75-873B-9149036EE088}.Debug|iPhone.ActiveCfg = Debug|iPhoneSimulator
		{9C0FD97B-83D4-4B75-873B-9149036EE088}.Debug|iPhoneSimulator.ActiveCfg = Debug|iPhoneSimulator
		{9C0FD97B-83D4-4B75-873B-9149036EE088}.Debug|iPhoneSimulator.Build.0 = Debug|iPhoneSimulator
		{9C0FD97B-83D4-4B75-873B-9149036EE088}.Debug|x64.ActiveCfg = Debug|iPhoneSimulator
		{9C0FD97B-83D4-4B75-873B-9149036EE088}.Debug|x86.ActiveCfg = Debug|iPhoneSimulator
		{9C0FD97B-83D4-4B75-873B-9149036EE088}.Release|Any CPU.ActiveCfg = Release|iPhoneSimulator
		{9C0FD97B-83D4-4B75-873B-9149036EE088}.Release|ARM.ActiveCfg = Release|iPhoneSimulator
		{9C0FD97B-83D4-4B75-873B-9149036EE088}.Release|ARM64.ActiveCfg = Release|iPhoneSimulator
		{9C0FD97B-83D4-4B75-873B-9149036EE088}.Release|iPhone.ActiveCfg = Release|iPhoneSimulator
		{9C0FD97B-83D4-4B75-873B-9149036EE088}.Release|iPhoneSimulator.ActiveCfg = Release|iPhoneSimulator
		{9C0FD97B-83D4-4B75-873B-9149036EE088}.Release|iPhoneSimulator.Build.0 = Release|iPhoneSimulator
		{9C0FD97B-83D4-4B75-873B-9149036EE088}.Release|x64.ActiveCfg = Release|iPhoneSimulator
		{9C0FD97B-83D4-4B75-873B-9149036EE088}.Release|x86.ActiveCfg = Release|iPhoneSimulator
		{7E2C12E5-469C-47AD-B005-A1AEC9E5A252}.Ad-Hoc|Any CPU.ActiveCfg = Debug|Any CPU
		{7E2C12E5-469C-47AD-B005-A1AEC9E5A252}.Ad-Hoc|Any CPU.Build.0 = Debug|Any CPU
		{7E2C12E5-469C-47AD-B005-A1AEC9E5A252}.Ad-Hoc|ARM.ActiveCfg = Debug|Any CPU
		{7E2C12E5-469C-47AD-B005-A1AEC9E5A252}.Ad-Hoc|ARM.Build.0 = Debug|Any CPU
		{7E2C12E5-469C-47AD-B005-A1AEC9E5A252}.Ad-Hoc|ARM64.ActiveCfg = Debug|Any CPU
		{7E2C12E5-469C-47AD-B005-A1AEC9E5A252}.Ad-Hoc|ARM64.Build.0 = Debug|Any CPU
		{7E2C12E5-469C-47AD-B005-A1AEC9E5A252}.Ad-Hoc|iPhone.ActiveCfg = Debug|Any CPU
		{7E2C12E5-469C-47AD-B005-A1AEC9E5A252}.Ad-Hoc|iPhone.Build.0 = Debug|Any CPU
		{7E2C12E5-469C-47AD-B005-A1AEC9E5A252}.Ad-Hoc|iPhoneSimulator.ActiveCfg = Debug|Any CPU
		{7E2C12E5-469C-47AD-B005-A1AEC9E5A252}.Ad-Hoc|iPhoneSimulator.Build.0 = Debug|Any CPU
		{7E2C12E5-469C-47AD-B005-A1AEC9E5A252}.Ad-Hoc|x64.ActiveCfg = Debug|Any CPU
		{7E2C12E5-469C-47AD-B005-A1AEC9E5A252}.Ad-Hoc|x64.Build.0 = Debug|Any CPU
		{7E2C12E5-469C-47AD-B005-A1AEC9E5A252}.Ad-Hoc|x86.ActiveCfg = Debug|Any CPU
		{7E2C12E5-469C-47AD-B005-A1AEC9E5A252}.Ad-Hoc|x86.Build.0 = Debug|Any CPU
		{7E2C12E5-469C-47AD-B005-A1AEC9E5A252}.AppStore|Any CPU.ActiveCfg = Debug|Any CPU
		{7E2C12E5-469C-47AD-B005-A1AEC9E5A252}.AppStore|Any CPU.Build.0 = Debug|Any CPU
		{7E2C12E5-469C-47AD-B005-A1AEC9E5A252}.AppStore|ARM.ActiveCfg = Debug|Any CPU
		{7E2C12E5-469C-47AD-B005-A1AEC9E5A252}.AppStore|ARM.Build.0 = Debug|Any CPU
		{7E2C12E5-469C-47AD-B005-A1AEC9E5A252}.AppStore|ARM64.ActiveCfg = Debug|Any CPU
		{7E2C12E5-469C-47AD-B005-A1AEC9E5A252}.AppStore|ARM64.Build.0 = Debug|Any CPU
		{7E2C12E5-469C-47AD-B005-A1AEC9E5A252}.AppStore|iPhone.ActiveCfg = Debug|Any CPU
		{7E2C12E5-469C-47AD-B005-A1AEC9E5A252}.AppStore|iPhone.Build.0 = Debug|Any CPU
		{7E2C12E5-469C-47AD-B005-A1AEC9E5A252}.AppStore|iPhoneSimulator.ActiveCfg = Debug|Any CPU
		{7E2C12E5-469C-47AD-B005-A1AEC9E5A252}.AppStore|iPhoneSimulator.Build.0 = Debug|Any CPU
		{7E2C12E5-469C-47AD-B005-A1AEC9E5A252}.AppStore|x64.ActiveCfg = Debug|Any CPU
		{7E2C12E5-469C-47AD-B005-A1AEC9E5A252}.AppStore|x64.Build.0 = Debug|Any CPU
		{7E2C12E5-469C-47AD-B005-A1AEC9E5A252}.AppStore|x86.ActiveCfg = Debug|Any CPU
		{7E2C12E5-469C-47AD-B005-A1AEC9E5A252}.AppStore|x86.Build.0 = Debug|Any CPU
		{7E2C12E5-469C-47AD-B005-A1AEC9E5A252}.Debug|Any CPU.ActiveCfg = Debug|Any CPU
		{7E2C12E5-469C-47AD-B005-A1AEC9E5A252}.Debug|Any CPU.Build.0 = Debug|Any CPU
		{7E2C12E5-469C-47AD-B005-A1AEC9E5A252}.Debug|ARM.ActiveCfg = Debug|Any CPU
		{7E2C12E5-469C-47AD-B005-A1AEC9E5A252}.Debug|ARM.Build.0 = Debug|Any CPU
		{7E2C12E5-469C-47AD-B005-A1AEC9E5A252}.Debug|ARM64.ActiveCfg = Debug|Any CPU
		{7E2C12E5-469C-47AD-B005-A1AEC9E5A252}.Debug|ARM64.Build.0 = Debug|Any CPU
		{7E2C12E5-469C-47AD-B005-A1AEC9E5A252}.Debug|iPhone.ActiveCfg = Debug|Any CPU
		{7E2C12E5-469C-47AD-B005-A1AEC9E5A252}.Debug|iPhone.Build.0 = Debug|Any CPU
		{7E2C12E5-469C-47AD-B005-A1AEC9E5A252}.Debug|iPhoneSimulator.ActiveCfg = Debug|Any CPU
		{7E2C12E5-469C-47AD-B005-A1AEC9E5A252}.Debug|iPhoneSimulator.Build.0 = Debug|Any CPU
		{7E2C12E5-469C-47AD-B005-A1AEC9E5A252}.Debug|x64.ActiveCfg = Debug|Any CPU
		{7E2C12E5-469C-47AD-B005-A1AEC9E5A252}.Debug|x64.Build.0 = Debug|Any CPU
		{7E2C12E5-469C-47AD-B005-A1AEC9E5A252}.Debug|x86.ActiveCfg = Debug|Any CPU
		{7E2C12E5-469C-47AD-B005-A1AEC9E5A252}.Debug|x86.Build.0 = Debug|Any CPU
		{7E2C12E5-469C-47AD-B005-A1AEC9E5A252}.Release|Any CPU.ActiveCfg = Release|Any CPU
		{7E2C12E5-469C-47AD-B005-A1AEC9E5A252}.Release|Any CPU.Build.0 = Release|Any CPU
		{7E2C12E5-469C-47AD-B005-A1AEC9E5A252}.Release|ARM.ActiveCfg = Release|Any CPU
		{7E2C12E5-469C-47AD-B005-A1AEC9E5A252}.Release|ARM.Build.0 = Release|Any CPU
		{7E2C12E5-469C-47AD-B005-A1AEC9E5A252}.Release|ARM64.ActiveCfg = Release|Any CPU
		{7E2C12E5-469C-47AD-B005-A1AEC9E5A252}.Release|ARM64.Build.0 = Release|Any CPU
		{7E2C12E5-469C-47AD-B005-A1AEC9E5A252}.Release|iPhone.ActiveCfg = Release|Any CPU
		{7E2C12E5-469C-47AD-B005-A1AEC9E5A252}.Release|iPhone.Build.0 = Release|Any CPU
		{7E2C12E5-469C-47AD-B005-A1AEC9E5A252}.Release|iPhoneSimulator.ActiveCfg = Release|Any CPU
		{7E2C12E5-469C-47AD-B005-A1AEC9E5A252}.Release|iPhoneSimulator.Build.0 = Release|Any CPU
		{7E2C12E5-469C-47AD-B005-A1AEC9E5A252}.Release|x64.ActiveCfg = Release|Any CPU
		{7E2C12E5-469C-47AD-B005-A1AEC9E5A252}.Release|x64.Build.0 = Release|Any CPU
		{7E2C12E5-469C-47AD-B005-A1AEC9E5A252}.Release|x86.ActiveCfg = Release|Any CPU
		{7E2C12E5-469C-47AD-B005-A1AEC9E5A252}.Release|x86.Build.0 = Release|Any CPU
		{AAA70566-6C58-48F4-AB91-9F889E9E77D7}.Ad-Hoc|Any CPU.ActiveCfg = Debug|Any CPU
		{AAA70566-6C58-48F4-AB91-9F889E9E77D7}.Ad-Hoc|Any CPU.Build.0 = Debug|Any CPU
		{AAA70566-6C58-48F4-AB91-9F889E9E77D7}.Ad-Hoc|ARM.ActiveCfg = Debug|Any CPU
		{AAA70566-6C58-48F4-AB91-9F889E9E77D7}.Ad-Hoc|ARM.Build.0 = Debug|Any CPU
		{AAA70566-6C58-48F4-AB91-9F889E9E77D7}.Ad-Hoc|ARM64.ActiveCfg = Debug|Any CPU
		{AAA70566-6C58-48F4-AB91-9F889E9E77D7}.Ad-Hoc|ARM64.Build.0 = Debug|Any CPU
		{AAA70566-6C58-48F4-AB91-9F889E9E77D7}.Ad-Hoc|iPhone.ActiveCfg = Debug|Any CPU
		{AAA70566-6C58-48F4-AB91-9F889E9E77D7}.Ad-Hoc|iPhone.Build.0 = Debug|Any CPU
		{AAA70566-6C58-48F4-AB91-9F889E9E77D7}.Ad-Hoc|iPhoneSimulator.ActiveCfg = Debug|Any CPU
		{AAA70566-6C58-48F4-AB91-9F889E9E77D7}.Ad-Hoc|iPhoneSimulator.Build.0 = Debug|Any CPU
		{AAA70566-6C58-48F4-AB91-9F889E9E77D7}.Ad-Hoc|x64.ActiveCfg = Debug|Any CPU
		{AAA70566-6C58-48F4-AB91-9F889E9E77D7}.Ad-Hoc|x64.Build.0 = Debug|Any CPU
		{AAA70566-6C58-48F4-AB91-9F889E9E77D7}.Ad-Hoc|x86.ActiveCfg = Debug|Any CPU
		{AAA70566-6C58-48F4-AB91-9F889E9E77D7}.Ad-Hoc|x86.Build.0 = Debug|Any CPU
		{AAA70566-6C58-48F4-AB91-9F889E9E77D7}.AppStore|Any CPU.ActiveCfg = Debug|Any CPU
		{AAA70566-6C58-48F4-AB91-9F889E9E77D7}.AppStore|Any CPU.Build.0 = Debug|Any CPU
		{AAA70566-6C58-48F4-AB91-9F889E9E77D7}.AppStore|ARM.ActiveCfg = Debug|Any CPU
		{AAA70566-6C58-48F4-AB91-9F889E9E77D7}.AppStore|ARM.Build.0 = Debug|Any CPU
		{AAA70566-6C58-48F4-AB91-9F889E9E77D7}.AppStore|ARM64.ActiveCfg = Debug|Any CPU
		{AAA70566-6C58-48F4-AB91-9F889E9E77D7}.AppStore|ARM64.Build.0 = Debug|Any CPU
		{AAA70566-6C58-48F4-AB91-9F889E9E77D7}.AppStore|iPhone.ActiveCfg = Debug|Any CPU
		{AAA70566-6C58-48F4-AB91-9F889E9E77D7}.AppStore|iPhone.Build.0 = Debug|Any CPU
		{AAA70566-6C58-48F4-AB91-9F889E9E77D7}.AppStore|iPhoneSimulator.ActiveCfg = Debug|Any CPU
		{AAA70566-6C58-48F4-AB91-9F889E9E77D7}.AppStore|iPhoneSimulator.Build.0 = Debug|Any CPU
		{AAA70566-6C58-48F4-AB91-9F889E9E77D7}.AppStore|x64.ActiveCfg = Debug|Any CPU
		{AAA70566-6C58-48F4-AB91-9F889E9E77D7}.AppStore|x64.Build.0 = Debug|Any CPU
		{AAA70566-6C58-48F4-AB91-9F889E9E77D7}.AppStore|x86.ActiveCfg = Debug|Any CPU
		{AAA70566-6C58-48F4-AB91-9F889E9E77D7}.AppStore|x86.Build.0 = Debug|Any CPU
		{AAA70566-6C58-48F4-AB91-9F889E9E77D7}.Debug|Any CPU.ActiveCfg = Debug|Any CPU
		{AAA70566-6C58-48F4-AB91-9F889E9E77D7}.Debug|Any CPU.Build.0 = Debug|Any CPU
		{AAA70566-6C58-48F4-AB91-9F889E9E77D7}.Debug|ARM.ActiveCfg = Debug|Any CPU
		{AAA70566-6C58-48F4-AB91-9F889E9E77D7}.Debug|ARM.Build.0 = Debug|Any CPU
		{AAA70566-6C58-48F4-AB91-9F889E9E77D7}.Debug|ARM64.ActiveCfg = Debug|Any CPU
		{AAA70566-6C58-48F4-AB91-9F889E9E77D7}.Debug|ARM64.Build.0 = Debug|Any CPU
		{AAA70566-6C58-48F4-AB91-9F889E9E77D7}.Debug|iPhone.ActiveCfg = Debug|Any CPU
		{AAA70566-6C58-48F4-AB91-9F889E9E77D7}.Debug|iPhone.Build.0 = Debug|Any CPU
		{AAA70566-6C58-48F4-AB91-9F889E9E77D7}.Debug|iPhoneSimulator.ActiveCfg = Debug|Any CPU
		{AAA70566-6C58-48F4-AB91-9F889E9E77D7}.Debug|iPhoneSimulator.Build.0 = Debug|Any CPU
		{AAA70566-6C58-48F4-AB91-9F889E9E77D7}.Debug|x64.ActiveCfg = Debug|Any CPU
		{AAA70566-6C58-48F4-AB91-9F889E9E77D7}.Debug|x64.Build.0 = Debug|Any CPU
		{AAA70566-6C58-48F4-AB91-9F889E9E77D7}.Debug|x86.ActiveCfg = Debug|Any CPU
		{AAA70566-6C58-48F4-AB91-9F889E9E77D7}.Debug|x86.Build.0 = Debug|Any CPU
		{AAA70566-6C58-48F4-AB91-9F889E9E77D7}.Release|Any CPU.ActiveCfg = Release|Any CPU
		{AAA70566-6C58-48F4-AB91-9F889E9E77D7}.Release|Any CPU.Build.0 = Release|Any CPU
		{AAA70566-6C58-48F4-AB91-9F889E9E77D7}.Release|ARM.ActiveCfg = Release|Any CPU
		{AAA70566-6C58-48F4-AB91-9F889E9E77D7}.Release|ARM.Build.0 = Release|Any CPU
		{AAA70566-6C58-48F4-AB91-9F889E9E77D7}.Release|ARM64.ActiveCfg = Release|Any CPU
		{AAA70566-6C58-48F4-AB91-9F889E9E77D7}.Release|ARM64.Build.0 = Release|Any CPU
		{AAA70566-6C58-48F4-AB91-9F889E9E77D7}.Release|iPhone.ActiveCfg = Release|Any CPU
		{AAA70566-6C58-48F4-AB91-9F889E9E77D7}.Release|iPhone.Build.0 = Release|Any CPU
		{AAA70566-6C58-48F4-AB91-9F889E9E77D7}.Release|iPhoneSimulator.ActiveCfg = Release|Any CPU
		{AAA70566-6C58-48F4-AB91-9F889E9E77D7}.Release|iPhoneSimulator.Build.0 = Release|Any CPU
		{AAA70566-6C58-48F4-AB91-9F889E9E77D7}.Release|x64.ActiveCfg = Release|Any CPU
		{AAA70566-6C58-48F4-AB91-9F889E9E77D7}.Release|x64.Build.0 = Release|Any CPU
		{AAA70566-6C58-48F4-AB91-9F889E9E77D7}.Release|x86.ActiveCfg = Release|Any CPU
		{AAA70566-6C58-48F4-AB91-9F889E9E77D7}.Release|x86.Build.0 = Release|Any CPU
		{3D0C1919-4639-4C3E-836C-C758DB16D500}.Ad-Hoc|Any CPU.ActiveCfg = Debug|Any CPU
		{3D0C1919-4639-4C3E-836C-C758DB16D500}.Ad-Hoc|Any CPU.Build.0 = Debug|Any CPU
		{3D0C1919-4639-4C3E-836C-C758DB16D500}.Ad-Hoc|ARM.ActiveCfg = Debug|Any CPU
		{3D0C1919-4639-4C3E-836C-C758DB16D500}.Ad-Hoc|ARM.Build.0 = Debug|Any CPU
		{3D0C1919-4639-4C3E-836C-C758DB16D500}.Ad-Hoc|ARM64.ActiveCfg = Debug|Any CPU
		{3D0C1919-4639-4C3E-836C-C758DB16D500}.Ad-Hoc|ARM64.Build.0 = Debug|Any CPU
		{3D0C1919-4639-4C3E-836C-C758DB16D500}.Ad-Hoc|iPhone.ActiveCfg = Debug|Any CPU
		{3D0C1919-4639-4C3E-836C-C758DB16D500}.Ad-Hoc|iPhone.Build.0 = Debug|Any CPU
		{3D0C1919-4639-4C3E-836C-C758DB16D500}.Ad-Hoc|iPhoneSimulator.ActiveCfg = Debug|Any CPU
		{3D0C1919-4639-4C3E-836C-C758DB16D500}.Ad-Hoc|iPhoneSimulator.Build.0 = Debug|Any CPU
		{3D0C1919-4639-4C3E-836C-C758DB16D500}.Ad-Hoc|x64.ActiveCfg = Debug|Any CPU
		{3D0C1919-4639-4C3E-836C-C758DB16D500}.Ad-Hoc|x64.Build.0 = Debug|Any CPU
		{3D0C1919-4639-4C3E-836C-C758DB16D500}.Ad-Hoc|x86.ActiveCfg = Debug|Any CPU
		{3D0C1919-4639-4C3E-836C-C758DB16D500}.Ad-Hoc|x86.Build.0 = Debug|Any CPU
		{3D0C1919-4639-4C3E-836C-C758DB16D500}.AppStore|Any CPU.ActiveCfg = Debug|Any CPU
		{3D0C1919-4639-4C3E-836C-C758DB16D500}.AppStore|Any CPU.Build.0 = Debug|Any CPU
		{3D0C1919-4639-4C3E-836C-C758DB16D500}.AppStore|ARM.ActiveCfg = Debug|Any CPU
		{3D0C1919-4639-4C3E-836C-C758DB16D500}.AppStore|ARM.Build.0 = Debug|Any CPU
		{3D0C1919-4639-4C3E-836C-C758DB16D500}.AppStore|ARM64.ActiveCfg = Debug|Any CPU
		{3D0C1919-4639-4C3E-836C-C758DB16D500}.AppStore|ARM64.Build.0 = Debug|Any CPU
		{3D0C1919-4639-4C3E-836C-C758DB16D500}.AppStore|iPhone.ActiveCfg = Debug|Any CPU
		{3D0C1919-4639-4C3E-836C-C758DB16D500}.AppStore|iPhone.Build.0 = Debug|Any CPU
		{3D0C1919-4639-4C3E-836C-C758DB16D500}.AppStore|iPhoneSimulator.ActiveCfg = Debug|Any CPU
		{3D0C1919-4639-4C3E-836C-C758DB16D500}.AppStore|iPhoneSimulator.Build.0 = Debug|Any CPU
		{3D0C1919-4639-4C3E-836C-C758DB16D500}.AppStore|x64.ActiveCfg = Debug|Any CPU
		{3D0C1919-4639-4C3E-836C-C758DB16D500}.AppStore|x64.Build.0 = Debug|Any CPU
		{3D0C1919-4639-4C3E-836C-C758DB16D500}.AppStore|x86.ActiveCfg = Debug|Any CPU
		{3D0C1919-4639-4C3E-836C-C758DB16D500}.AppStore|x86.Build.0 = Debug|Any CPU
		{3D0C1919-4639-4C3E-836C-C758DB16D500}.Debug|Any CPU.ActiveCfg = Debug|Any CPU
		{3D0C1919-4639-4C3E-836C-C758DB16D500}.Debug|Any CPU.Build.0 = Debug|Any CPU
		{3D0C1919-4639-4C3E-836C-C758DB16D500}.Debug|ARM.ActiveCfg = Debug|Any CPU
		{3D0C1919-4639-4C3E-836C-C758DB16D500}.Debug|ARM.Build.0 = Debug|Any CPU
		{3D0C1919-4639-4C3E-836C-C758DB16D500}.Debug|ARM64.ActiveCfg = Debug|Any CPU
		{3D0C1919-4639-4C3E-836C-C758DB16D500}.Debug|ARM64.Build.0 = Debug|Any CPU
		{3D0C1919-4639-4C3E-836C-C758DB16D500}.Debug|iPhone.ActiveCfg = Debug|Any CPU
		{3D0C1919-4639-4C3E-836C-C758DB16D500}.Debug|iPhone.Build.0 = Debug|Any CPU
		{3D0C1919-4639-4C3E-836C-C758DB16D500}.Debug|iPhoneSimulator.ActiveCfg = Debug|Any CPU
		{3D0C1919-4639-4C3E-836C-C758DB16D500}.Debug|iPhoneSimulator.Build.0 = Debug|Any CPU
		{3D0C1919-4639-4C3E-836C-C758DB16D500}.Debug|x64.ActiveCfg = Debug|Any CPU
		{3D0C1919-4639-4C3E-836C-C758DB16D500}.Debug|x64.Build.0 = Debug|Any CPU
		{3D0C1919-4639-4C3E-836C-C758DB16D500}.Debug|x86.ActiveCfg = Debug|Any CPU
		{3D0C1919-4639-4C3E-836C-C758DB16D500}.Debug|x86.Build.0 = Debug|Any CPU
		{3D0C1919-4639-4C3E-836C-C758DB16D500}.Release|Any CPU.ActiveCfg = Release|Any CPU
		{3D0C1919-4639-4C3E-836C-C758DB16D500}.Release|Any CPU.Build.0 = Release|Any CPU
		{3D0C1919-4639-4C3E-836C-C758DB16D500}.Release|ARM.ActiveCfg = Release|Any CPU
		{3D0C1919-4639-4C3E-836C-C758DB16D500}.Release|ARM.Build.0 = Release|Any CPU
		{3D0C1919-4639-4C3E-836C-C758DB16D500}.Release|ARM64.ActiveCfg = Release|Any CPU
		{3D0C1919-4639-4C3E-836C-C758DB16D500}.Release|ARM64.Build.0 = Release|Any CPU
		{3D0C1919-4639-4C3E-836C-C758DB16D500}.Release|iPhone.ActiveCfg = Release|Any CPU
		{3D0C1919-4639-4C3E-836C-C758DB16D500}.Release|iPhone.Build.0 = Release|Any CPU
		{3D0C1919-4639-4C3E-836C-C758DB16D500}.Release|iPhoneSimulator.ActiveCfg = Release|Any CPU
		{3D0C1919-4639-4C3E-836C-C758DB16D500}.Release|iPhoneSimulator.Build.0 = Release|Any CPU
		{3D0C1919-4639-4C3E-836C-C758DB16D500}.Release|x64.ActiveCfg = Release|Any CPU
		{3D0C1919-4639-4C3E-836C-C758DB16D500}.Release|x64.Build.0 = Release|Any CPU
		{3D0C1919-4639-4C3E-836C-C758DB16D500}.Release|x86.ActiveCfg = Release|Any CPU
		{3D0C1919-4639-4C3E-836C-C758DB16D500}.Release|x86.Build.0 = Release|Any CPU
		{AF667FFE-35C4-4485-A79D-F994F8736063}.Ad-Hoc|Any CPU.ActiveCfg = Debug|Any CPU
		{AF667FFE-35C4-4485-A79D-F994F8736063}.Ad-Hoc|Any CPU.Build.0 = Debug|Any CPU
		{AF667FFE-35C4-4485-A79D-F994F8736063}.Ad-Hoc|ARM.ActiveCfg = Debug|Any CPU
		{AF667FFE-35C4-4485-A79D-F994F8736063}.Ad-Hoc|ARM.Build.0 = Debug|Any CPU
		{AF667FFE-35C4-4485-A79D-F994F8736063}.Ad-Hoc|ARM64.ActiveCfg = Debug|Any CPU
		{AF667FFE-35C4-4485-A79D-F994F8736063}.Ad-Hoc|ARM64.Build.0 = Debug|Any CPU
		{AF667FFE-35C4-4485-A79D-F994F8736063}.Ad-Hoc|iPhone.ActiveCfg = Debug|Any CPU
		{AF667FFE-35C4-4485-A79D-F994F8736063}.Ad-Hoc|iPhone.Build.0 = Debug|Any CPU
		{AF667FFE-35C4-4485-A79D-F994F8736063}.Ad-Hoc|iPhoneSimulator.ActiveCfg = Debug|Any CPU
		{AF667FFE-35C4-4485-A79D-F994F8736063}.Ad-Hoc|iPhoneSimulator.Build.0 = Debug|Any CPU
		{AF667FFE-35C4-4485-A79D-F994F8736063}.Ad-Hoc|x64.ActiveCfg = Debug|Any CPU
		{AF667FFE-35C4-4485-A79D-F994F8736063}.Ad-Hoc|x64.Build.0 = Debug|Any CPU
		{AF667FFE-35C4-4485-A79D-F994F8736063}.Ad-Hoc|x86.ActiveCfg = Debug|Any CPU
		{AF667FFE-35C4-4485-A79D-F994F8736063}.Ad-Hoc|x86.Build.0 = Debug|Any CPU
		{AF667FFE-35C4-4485-A79D-F994F8736063}.AppStore|Any CPU.ActiveCfg = Debug|Any CPU
		{AF667FFE-35C4-4485-A79D-F994F8736063}.AppStore|Any CPU.Build.0 = Debug|Any CPU
		{AF667FFE-35C4-4485-A79D-F994F8736063}.AppStore|ARM.ActiveCfg = Debug|Any CPU
		{AF667FFE-35C4-4485-A79D-F994F8736063}.AppStore|ARM.Build.0 = Debug|Any CPU
		{AF667FFE-35C4-4485-A79D-F994F8736063}.AppStore|ARM64.ActiveCfg = Debug|Any CPU
		{AF667FFE-35C4-4485-A79D-F994F8736063}.AppStore|ARM64.Build.0 = Debug|Any CPU
		{AF667FFE-35C4-4485-A79D-F994F8736063}.AppStore|iPhone.ActiveCfg = Debug|Any CPU
		{AF667FFE-35C4-4485-A79D-F994F8736063}.AppStore|iPhone.Build.0 = Debug|Any CPU
		{AF667FFE-35C4-4485-A79D-F994F8736063}.AppStore|iPhoneSimulator.ActiveCfg = Debug|Any CPU
		{AF667FFE-35C4-4485-A79D-F994F8736063}.AppStore|iPhoneSimulator.Build.0 = Debug|Any CPU
		{AF667FFE-35C4-4485-A79D-F994F8736063}.AppStore|x64.ActiveCfg = Debug|Any CPU
		{AF667FFE-35C4-4485-A79D-F994F8736063}.AppStore|x64.Build.0 = Debug|Any CPU
		{AF667FFE-35C4-4485-A79D-F994F8736063}.AppStore|x86.ActiveCfg = Debug|Any CPU
		{AF667FFE-35C4-4485-A79D-F994F8736063}.AppStore|x86.Build.0 = Debug|Any CPU
		{AF667FFE-35C4-4485-A79D-F994F8736063}.Debug|Any CPU.ActiveCfg = Debug|Any CPU
		{AF667FFE-35C4-4485-A79D-F994F8736063}.Debug|Any CPU.Build.0 = Debug|Any CPU
		{AF667FFE-35C4-4485-A79D-F994F8736063}.Debug|ARM.ActiveCfg = Debug|Any CPU
		{AF667FFE-35C4-4485-A79D-F994F8736063}.Debug|ARM.Build.0 = Debug|Any CPU
		{AF667FFE-35C4-4485-A79D-F994F8736063}.Debug|ARM64.ActiveCfg = Debug|Any CPU
		{AF667FFE-35C4-4485-A79D-F994F8736063}.Debug|ARM64.Build.0 = Debug|Any CPU
		{AF667FFE-35C4-4485-A79D-F994F8736063}.Debug|iPhone.ActiveCfg = Debug|Any CPU
		{AF667FFE-35C4-4485-A79D-F994F8736063}.Debug|iPhone.Build.0 = Debug|Any CPU
		{AF667FFE-35C4-4485-A79D-F994F8736063}.Debug|iPhoneSimulator.ActiveCfg = Debug|Any CPU
		{AF667FFE-35C4-4485-A79D-F994F8736063}.Debug|iPhoneSimulator.Build.0 = Debug|Any CPU
		{AF667FFE-35C4-4485-A79D-F994F8736063}.Debug|x64.ActiveCfg = Debug|Any CPU
		{AF667FFE-35C4-4485-A79D-F994F8736063}.Debug|x64.Build.0 = Debug|Any CPU
		{AF667FFE-35C4-4485-A79D-F994F8736063}.Debug|x86.ActiveCfg = Debug|Any CPU
		{AF667FFE-35C4-4485-A79D-F994F8736063}.Debug|x86.Build.0 = Debug|Any CPU
		{AF667FFE-35C4-4485-A79D-F994F8736063}.Release|Any CPU.ActiveCfg = Release|Any CPU
		{AF667FFE-35C4-4485-A79D-F994F8736063}.Release|Any CPU.Build.0 = Release|Any CPU
		{AF667FFE-35C4-4485-A79D-F994F8736063}.Release|ARM.ActiveCfg = Release|Any CPU
		{AF667FFE-35C4-4485-A79D-F994F8736063}.Release|ARM.Build.0 = Release|Any CPU
		{AF667FFE-35C4-4485-A79D-F994F8736063}.Release|ARM64.ActiveCfg = Release|Any CPU
		{AF667FFE-35C4-4485-A79D-F994F8736063}.Release|ARM64.Build.0 = Release|Any CPU
		{AF667FFE-35C4-4485-A79D-F994F8736063}.Release|iPhone.ActiveCfg = Release|Any CPU
		{AF667FFE-35C4-4485-A79D-F994F8736063}.Release|iPhone.Build.0 = Release|Any CPU
		{AF667FFE-35C4-4485-A79D-F994F8736063}.Release|iPhoneSimulator.ActiveCfg = Release|Any CPU
		{AF667FFE-35C4-4485-A79D-F994F8736063}.Release|iPhoneSimulator.Build.0 = Release|Any CPU
		{AF667FFE-35C4-4485-A79D-F994F8736063}.Release|x64.ActiveCfg = Release|Any CPU
		{AF667FFE-35C4-4485-A79D-F994F8736063}.Release|x64.Build.0 = Release|Any CPU
		{AF667FFE-35C4-4485-A79D-F994F8736063}.Release|x86.ActiveCfg = Release|Any CPU
		{AF667FFE-35C4-4485-A79D-F994F8736063}.Release|x86.Build.0 = Release|Any CPU
		{3504E0F2-B620-449B-A928-9F02CEAC5FE6}.Ad-Hoc|Any CPU.ActiveCfg = Debug|Any CPU
		{3504E0F2-B620-449B-A928-9F02CEAC5FE6}.Ad-Hoc|Any CPU.Build.0 = Debug|Any CPU
		{3504E0F2-B620-449B-A928-9F02CEAC5FE6}.Ad-Hoc|ARM.ActiveCfg = Debug|Any CPU
		{3504E0F2-B620-449B-A928-9F02CEAC5FE6}.Ad-Hoc|ARM.Build.0 = Debug|Any CPU
		{3504E0F2-B620-449B-A928-9F02CEAC5FE6}.Ad-Hoc|ARM64.ActiveCfg = Debug|Any CPU
		{3504E0F2-B620-449B-A928-9F02CEAC5FE6}.Ad-Hoc|ARM64.Build.0 = Debug|Any CPU
		{3504E0F2-B620-449B-A928-9F02CEAC5FE6}.Ad-Hoc|iPhone.ActiveCfg = Debug|Any CPU
		{3504E0F2-B620-449B-A928-9F02CEAC5FE6}.Ad-Hoc|iPhone.Build.0 = Debug|Any CPU
		{3504E0F2-B620-449B-A928-9F02CEAC5FE6}.Ad-Hoc|iPhoneSimulator.ActiveCfg = Debug|Any CPU
		{3504E0F2-B620-449B-A928-9F02CEAC5FE6}.Ad-Hoc|iPhoneSimulator.Build.0 = Debug|Any CPU
		{3504E0F2-B620-449B-A928-9F02CEAC5FE6}.Ad-Hoc|x64.ActiveCfg = Debug|Any CPU
		{3504E0F2-B620-449B-A928-9F02CEAC5FE6}.Ad-Hoc|x64.Build.0 = Debug|Any CPU
		{3504E0F2-B620-449B-A928-9F02CEAC5FE6}.Ad-Hoc|x86.ActiveCfg = Debug|Any CPU
		{3504E0F2-B620-449B-A928-9F02CEAC5FE6}.Ad-Hoc|x86.Build.0 = Debug|Any CPU
		{3504E0F2-B620-449B-A928-9F02CEAC5FE6}.AppStore|Any CPU.ActiveCfg = Debug|Any CPU
		{3504E0F2-B620-449B-A928-9F02CEAC5FE6}.AppStore|Any CPU.Build.0 = Debug|Any CPU
		{3504E0F2-B620-449B-A928-9F02CEAC5FE6}.AppStore|ARM.ActiveCfg = Debug|Any CPU
		{3504E0F2-B620-449B-A928-9F02CEAC5FE6}.AppStore|ARM.Build.0 = Debug|Any CPU
		{3504E0F2-B620-449B-A928-9F02CEAC5FE6}.AppStore|ARM64.ActiveCfg = Debug|Any CPU
		{3504E0F2-B620-449B-A928-9F02CEAC5FE6}.AppStore|ARM64.Build.0 = Debug|Any CPU
		{3504E0F2-B620-449B-A928-9F02CEAC5FE6}.AppStore|iPhone.ActiveCfg = Debug|Any CPU
		{3504E0F2-B620-449B-A928-9F02CEAC5FE6}.AppStore|iPhone.Build.0 = Debug|Any CPU
		{3504E0F2-B620-449B-A928-9F02CEAC5FE6}.AppStore|iPhoneSimulator.ActiveCfg = Debug|Any CPU
		{3504E0F2-B620-449B-A928-9F02CEAC5FE6}.AppStore|iPhoneSimulator.Build.0 = Debug|Any CPU
		{3504E0F2-B620-449B-A928-9F02CEAC5FE6}.AppStore|x64.ActiveCfg = Debug|Any CPU
		{3504E0F2-B620-449B-A928-9F02CEAC5FE6}.AppStore|x64.Build.0 = Debug|Any CPU
		{3504E0F2-B620-449B-A928-9F02CEAC5FE6}.AppStore|x86.ActiveCfg = Debug|Any CPU
		{3504E0F2-B620-449B-A928-9F02CEAC5FE6}.AppStore|x86.Build.0 = Debug|Any CPU
		{3504E0F2-B620-449B-A928-9F02CEAC5FE6}.Debug|Any CPU.ActiveCfg = Debug|Any CPU
		{3504E0F2-B620-449B-A928-9F02CEAC5FE6}.Debug|Any CPU.Build.0 = Debug|Any CPU
		{3504E0F2-B620-449B-A928-9F02CEAC5FE6}.Debug|ARM.ActiveCfg = Debug|Any CPU
		{3504E0F2-B620-449B-A928-9F02CEAC5FE6}.Debug|ARM.Build.0 = Debug|Any CPU
		{3504E0F2-B620-449B-A928-9F02CEAC5FE6}.Debug|ARM64.ActiveCfg = Debug|Any CPU
		{3504E0F2-B620-449B-A928-9F02CEAC5FE6}.Debug|ARM64.Build.0 = Debug|Any CPU
		{3504E0F2-B620-449B-A928-9F02CEAC5FE6}.Debug|iPhone.ActiveCfg = Debug|Any CPU
		{3504E0F2-B620-449B-A928-9F02CEAC5FE6}.Debug|iPhone.Build.0 = Debug|Any CPU
		{3504E0F2-B620-449B-A928-9F02CEAC5FE6}.Debug|iPhoneSimulator.ActiveCfg = Debug|Any CPU
		{3504E0F2-B620-449B-A928-9F02CEAC5FE6}.Debug|iPhoneSimulator.Build.0 = Debug|Any CPU
		{3504E0F2-B620-449B-A928-9F02CEAC5FE6}.Debug|x64.ActiveCfg = Debug|Any CPU
		{3504E0F2-B620-449B-A928-9F02CEAC5FE6}.Debug|x64.Build.0 = Debug|Any CPU
		{3504E0F2-B620-449B-A928-9F02CEAC5FE6}.Debug|x86.ActiveCfg = Debug|Any CPU
		{3504E0F2-B620-449B-A928-9F02CEAC5FE6}.Debug|x86.Build.0 = Debug|Any CPU
		{3504E0F2-B620-449B-A928-9F02CEAC5FE6}.Release|Any CPU.ActiveCfg = Release|Any CPU
		{3504E0F2-B620-449B-A928-9F02CEAC5FE6}.Release|Any CPU.Build.0 = Release|Any CPU
		{3504E0F2-B620-449B-A928-9F02CEAC5FE6}.Release|ARM.ActiveCfg = Release|Any CPU
		{3504E0F2-B620-449B-A928-9F02CEAC5FE6}.Release|ARM.Build.0 = Release|Any CPU
		{3504E0F2-B620-449B-A928-9F02CEAC5FE6}.Release|ARM64.ActiveCfg = Release|Any CPU
		{3504E0F2-B620-449B-A928-9F02CEAC5FE6}.Release|ARM64.Build.0 = Release|Any CPU
		{3504E0F2-B620-449B-A928-9F02CEAC5FE6}.Release|iPhone.ActiveCfg = Release|Any CPU
		{3504E0F2-B620-449B-A928-9F02CEAC5FE6}.Release|iPhone.Build.0 = Release|Any CPU
		{3504E0F2-B620-449B-A928-9F02CEAC5FE6}.Release|iPhoneSimulator.ActiveCfg = Release|Any CPU
		{3504E0F2-B620-449B-A928-9F02CEAC5FE6}.Release|iPhoneSimulator.Build.0 = Release|Any CPU
		{3504E0F2-B620-449B-A928-9F02CEAC5FE6}.Release|x64.ActiveCfg = Release|Any CPU
		{3504E0F2-B620-449B-A928-9F02CEAC5FE6}.Release|x64.Build.0 = Release|Any CPU
		{3504E0F2-B620-449B-A928-9F02CEAC5FE6}.Release|x86.ActiveCfg = Release|Any CPU
		{3504E0F2-B620-449B-A928-9F02CEAC5FE6}.Release|x86.Build.0 = Release|Any CPU
	EndGlobalSection
	GlobalSection(SolutionProperties) = preSolution
		HideSolutionNode = FALSE
	EndGlobalSection
	GlobalSection(NestedProjects) = preSolution
		{7B841B7F-2699-4093-8203-5100FF432C8A} = {F4895EDD-8C63-4D8B-A0CC-083A3940D999}
		{BF0EEDB2-A96C-4B53-A618-3BC4B26AFEDA} = {F4895EDD-8C63-4D8B-A0CC-083A3940D999}
		{5CD33310-078D-4F83-8580-AC506C2C83A1} = {F4895EDD-8C63-4D8B-A0CC-083A3940D999}
		{9494DBC8-ECC6-46F6-9634-4467C5AB2E66} = {F4895EDD-8C63-4D8B-A0CC-083A3940D999}
		{9C0FD97B-83D4-4B75-873B-9149036EE088} = {F4895EDD-8C63-4D8B-A0CC-083A3940D999}
		{7E2C12E5-469C-47AD-B005-A1AEC9E5A252} = {F4895EDD-8C63-4D8B-A0CC-083A3940D999}
		{AAA70566-6C58-48F4-AB91-9F889E9E77D7} = {F4895EDD-8C63-4D8B-A0CC-083A3940D999}
		{3D0C1919-4639-4C3E-836C-C758DB16D500} = {F4895EDD-8C63-4D8B-A0CC-083A3940D999}
		{AF667FFE-35C4-4485-A79D-F994F8736063} = {F4895EDD-8C63-4D8B-A0CC-083A3940D999}
	EndGlobalSection
	GlobalSection(ExtensibilityGlobals) = postSolution
		SolutionGuid = {CCA07B53-D733-40A1-B37A-0E2C0F8330A7}
	EndGlobalSection
EndGlobal
